PODS:
  - Alamofire (5.6.2)
  - DeviceKit (2.3.0)
  - PullUpController (0.8.0)
  - RxCocoa (6.5.0):
    - RxRelay (= 6.5.0)
    - RxSwift (= 6.5.0)
  - RxGesture (4.0.4):
    - RxCocoa (~> 6.0)
    - RxSwift (~> 6.0)
  - RxRelay (6.5.0):
    - RxSwift (= 6.5.0)
  - RxSwift (6.5.0)
  - RxViewController (2.0.0):
    - RxCocoa (~> 6.0)
    - RxSwift (~> 6.0)
  - SnapKit (5.6.0)
  - Then (3.0.0)
  - Toaster (2.3.0)

DEPENDENCIES:
  - Alamofire (~> 5.2)
  - DeviceKit (~> 2.0)
  - PullUpController
  - RxCocoa
  - RxGesture
  - RxSwift
  - RxViewController
  - SnapKit
  - Then
  - Toaster (from `https://github.com/devxoul/Toaster.git`, branch `master`)

SPEC REPOS:
  trunk:
    - Alamofire
    - DeviceKit
    - PullUpController
    - RxCocoa
    - RxGesture
    - RxRelay
    - RxSwift
    - RxViewController
    - SnapKit
    - Then

EXTERNAL SOURCES:
  Toaster:
    :branch: master
    :git: https://github.com/devxoul/Toaster.git

CHECKOUT OPTIONS:
  Toaster:
    :commit: a5aacb802cc6c243c3283899529a11f7b0f2ab53
    :git: https://github.com/devxoul/Toaster.git

SPEC CHECKSUMS:
  Alamofire: d368e1ff8a298e6dde360e35a3e68e6c610e7204
  DeviceKit: da103891aa928d89f64ea8dd8aca738c5f3d8ac0
  PullUpController: 2f7ccaa0f35b31b47e3efbe1854c7f781552b3c7
  RxCocoa: 94f817b71c07517321eb4f9ad299112ca8af743b
  RxGesture: f3efb47ed2d26a8082f7b660d4a59970e275a7f8
  RxRelay: 1de1523e604c72b6c68feadedd1af3b1b4d0ecbd
  RxSwift: 5710a9e6b17f3c3d6e40d6e559b9fa1e813b2ef8
  RxViewController: 56486fa0afd629a1d6b5ba077f3b8cd9dc31b5d2
  SnapKit: e01d52ebb8ddbc333eefe2132acf85c8227d9c25
  Then: 844265ae87834bbe1147d91d5d41a404da2ec27d
  Toaster: c3473963c78e8cabbf6ea6f11ad0fdaae6f54987

PODFILE CHECKSUM: a1e6ff0243bf57b6e91cc6c6694c72e7481b1b30

COCOAPODS: 1.11.2
